// !$*UTF8*$!
{
	archiveVersion = 1;
	classes = {
	};
	objectVersion = 56;
	objects = {

/* Begin PBXBuildFile section */
		4AE521CD2A49C78800B6A95C /* AppDelegate.swift in Sources */ = {isa = PBXBuildFile; fileRef = 4AE521CC2A49C78800B6A95C /* AppDelegate.swift */; };
		4AE521CF2A49C78800B6A95C /* SceneDelegate.swift in Sources */ = {isa = PBXBuildFile; fileRef = 4AE521CE2A49C78800B6A95C /* SceneDelegate.swift */; };
		4AE521D12A49C78800B6A95C /* PeopleTableViewController.swift in Sources */ = {isa = PBXBuildFile; fileRef = 4AE521D02A49C78800B6A95C /* PeopleTableViewController.swift */; };
		4AE521D42A49C78800B6A95C /* Main.storyboard in Resources */ = {isa = PBXBuildFile; fileRef = 4AE521D22A49C78800B6A95C /* Main.storyboard */; };
		4AE521D62A49C78900B6A95C /* Assets.xcassets in Resources */ = {isa = PBXBuildFile; fileRef = 4AE521D52A49C78900B6A95C /* Assets.xcassets */; };
		4AE521D92A49C78900B6A95C /* LaunchScreen.storyboard in Resources */ = {isa = PBXBuildFile; fileRef = 4AE521D72A49C78900B6A95C /* LaunchScreen.storyboard */; };
		4AE521E62A49C97100B6A95C /* DummyAPI.swift in Sources */ = {isa = PBXBuildFile; fileRef = 4AE521E52A49C97100B6A95C /* DummyAPI.swift */; };
		4AE521EA2A49C99F00B6A95C /* People.swift in Sources */ = {isa = PBXBuildFile; fileRef = 4AE521E92A49C99F00B6A95C /* People.swift */; };
		4AE521EC2A49C9B600B6A95C /* PeopleListViewModel.swift in Sources */ = {isa = PBXBuildFile; fileRef = 4AE521EB2A49C9B600B6A95C /* PeopleListViewModel.swift */; };
		4AE521F32A49EA7800B6A95C /* PeopleTableViewCell.swift in Sources */ = {isa = PBXBuildFile; fileRef = 4AE521F22A49EA7800B6A95C /* PeopleTableViewCell.swift */; };
/* End PBXBuildFile section */

/* Begin PBXFileReference section */
		4AE521C92A49C78800B6A95C /* MVVM_Practice.app */ = {isa = PBXFileReference; explicitFileType = wrapper.application; includeInIndex = 0; path = MVVM_Practice.app; sourceTree = BUILT_PRODUCTS_DIR; };
		4AE521CC2A49C78800B6A95C /* AppDelegate.swift */ = {isa = PBXFileReference; lastKnownFileType = sourcecode.swift; path = AppDelegate.swift; sourceTree = "<group>"; };
		4AE521CE2A49C78800B6A95C /* SceneDelegate.swift */ = {isa = PBXFileReference; lastKnownFileType = sourcecode.swift; path = SceneDelegate.swift; sourceTree = "<group>"; };
		4AE521D02A49C78800B6A95C /* PeopleTableViewController.swift */ = {isa = PBXFileReference; lastKnownFileType = sourcecode.swift; path = PeopleTableViewController.swift; sourceTree = "<group>"; };
		4AE521D32A49C78800B6A95C /* Base */ = {isa = PBXFileReference; lastKnownFileType = file.storyboard; name = Base; path = Base.lproj/Main.storyboard; sourceTree = "<group>"; };
		4AE521D52A49C78900B6A95C /* Assets.xcassets */ = {isa = PBXFileReference; lastKnownFileType = folder.assetcatalog; path = Assets.xcassets; sourceTree = "<group>"; };
		4AE521D82A49C78900B6A95C /* Base */ = {isa = PBXFileReference; lastKnownFileType = file.storyboard; name = Base; path = Base.lproj/LaunchScreen.storyboard; sourceTree = "<group>"; };
		4AE521DA2A49C78900B6A95C /* Info.plist */ = {isa = PBXFileReference; lastKnownFileType = text.plist.xml; path = Info.plist; sourceTree = "<group>"; };
		4AE521E52A49C97100B6A95C /* DummyAPI.swift */ = {isa = PBXFileReference; lastKnownFileType = sourcecode.swift; path = DummyAPI.swift; sourceTree = "<group>"; };
		4AE521E92A49C99F00B6A95C /* People.swift */ = {isa = PBXFileReference; lastKnownFileType = sourcecode.swift; path = People.swift; sourceTree = "<group>"; };
		4AE521EB2A49C9B600B6A95C /* PeopleListViewModel.swift */ = {isa = PBXFileReference; lastKnownFileType = sourcecode.swift; path = PeopleListViewModel.swift; sourceTree = "<group>"; };
		4AE521F22A49EA7800B6A95C /* PeopleTableViewCell.swift */ = {isa = PBXFileReference; lastKnownFileType = sourcecode.swift; path = PeopleTableViewCell.swift; sourceTree = "<group>"; };
/* End PBXFileReference section */

/* Begin PBXFrameworksBuildPhase section */
		4AE521C62A49C78800B6A95C /* Frameworks */ = {
			isa = PBXFrameworksBuildPhase;
			buildActionMask = 2147483647;
			files = (
			);
			runOnlyForDeploymentPostprocessing = 0;
		};
/* End PBXFrameworksBuildPhase section */

/* Begin PBXGroup section */
		4AE521C02A49C78800B6A95C = {
			isa = PBXGroup;
			children = (
				4AE521CB2A49C78800B6A95C /* MVVM_Practice */,
				4AE521CA2A49C78800B6A95C /* Products */,
			);
			sourceTree = "<group>";
		};
		4AE521CA2A49C78800B6A95C /* Products */ = {
			isa = PBXGroup;
			children = (
				4AE521C92A49C78800B6A95C /* MVVM_Practice.app */,
			);
			name = Products;
			sourceTree = "<group>";
		};
		4AE521CB2A49C78800B6A95C /* MVVM_Practice */ = {
			isa = PBXGroup;
			children = (
				4AE521ED2A49CD5900B6A95C /* Cells */,
				4AE521E42A49C8C100B6A95C /* Controllers */,
				4AE521E32A49C8A200B6A95C /* APIService */,
				4AE521E12A49C86000B6A95C /* ViewModels */,
				4AE521E02A49C85600B6A95C /* Models */,
				4AE521CC2A49C78800B6A95C /* AppDelegate.swift */,
				4AE521CE2A49C78800B6A95C /* SceneDelegate.swift */,
				4AE521D22A49C78800B6A95C /* Main.storyboard */,
				4AE521D52A49C78900B6A95C /* Assets.xcassets */,
				4AE521D72A49C78900B6A95C /* LaunchScreen.storyboard */,
				4AE521DA2A49C78900B6A95C /* Info.plist */,
			);
			path = MVVM_Practice;
			sourceTree = "<group>";
		};
		4AE521E02A49C85600B6A95C /* Models */ = {
			isa = PBXGroup;
			children = (
				4AE521E92A49C99F00B6A95C /* People.swift */,
			);
			path = Models;
			sourceTree = "<group>";
		};
		4AE521E12A49C86000B6A95C /* ViewModels */ = {
			isa = PBXGroup;
			children = (
				4AE521EB2A49C9B600B6A95C /* PeopleListViewModel.swift */,
			);
			path = ViewModels;
			sourceTree = "<group>";
		};
		4AE521E32A49C8A200B6A95C /* APIService */ = {
			isa = PBXGroup;
			children = (
				4AE521E52A49C97100B6A95C /* DummyAPI.swift */,
			);
			path = APIService;
			sourceTree = "<group>";
		};
		4AE521E42A49C8C100B6A95C /* Controllers */ = {
			isa = PBXGroup;
			children = (
				4AE521D02A49C78800B6A95C /* PeopleTableViewController.swift */,
			);
			path = Controllers;
			sourceTree = "<group>";
		};
		4AE521ED2A49CD5900B6A95C /* Cells */ = {
			isa = PBXGroup;
			children = (
				4AE521F22A49EA7800B6A95C /* PeopleTableViewCell.swift */,
			);
			path = Cells;
			sourceTree = "<group>";
		};
/* End PBXGroup section */

/* Begin PBXNativeTarget section */
		4AE521C82A49C78800B6A95C /* MVVM_Practice */ = {
			isa = PBXNativeTarget;
			buildConfigurationList = 4AE521DD2A49C78900B6A95C /* Build configuration list for PBXNativeTarget "MVVM_Practice" */;
			buildPhases = (
				4AE521C52A49C78800B6A95C /* Sources */,
				4AE521C62A49C78800B6A95C /* Frameworks */,
				4AE521C72A49C78800B6A95C /* Resources */,
			);
			buildRules = (
			);
			dependencies = (
			);
			name = MVVM_Practice;
			productName = MVVM_Practice;
			productReference = 4AE521C92A49C78800B6A95C /* MVVM_Practice.app */;
			productType = "com.apple.product-type.application";
		};
/* End PBXNativeTarget section */

/* Begin PBXProject section */
		4AE521C12A49C78800B6A95C /* Project object */ = {
			isa = PBXProject;
			attributes = {
				BuildIndependentTargetsInParallel = 1;
				LastSwiftUpdateCheck = 1420;
				LastUpgradeCheck = 1420;
				TargetAttributes = {
					4AE521C82A49C78800B6A95C = {
						CreatedOnToolsVersion = 14.2;
					};
				};
			};
			buildConfigurationList = 4AE521C42A49C78800B6A95C /* Build configuration list for PBXProject "MVVM_Practice" */;
			compatibilityVersion = "Xcode 14.0";
			developmentRegion = en;
			hasScannedForEncodings = 0;
			knownRegions = (
				en,
				Base,
			);
			mainGroup = 4AE521C02A49C78800B6A95C;
			productRefGroup = 4AE521CA2A49C78800B6A95C /* Products */;
			projectDirPath = "";
			projectRoot = "";
			targets = (
				4AE521C82A49C78800B6A95C /* MVVM_Practice */,
			);
		};
/* End PBXProject section */

/* Begin PBXResourcesBuildPhase section */
		4AE521C72A49C78800B6A95C /* Resources */ = {
			isa = PBXResourcesBuildPhase;
			buildActionMask = 2147483647;
			files = (
				4AE521D92A49C78900B6A95C /* LaunchScreen.storyboard in Resources */,
				4AE521D62A49C78900B6A95C /* Assets.xcassets in Resources */,
				4AE521D42A49C78800B6A95C /* Main.storyboard in Resources */,
			);
			runOnlyForDeploymentPostprocessing = 0;
		};
/* End PBXResourcesBuildPhase section */

/* Begin PBXSourcesBuildPhase section */
		4AE521C52A49C78800B6A95C /* Sources */ = {
			isa = PBXSourcesBuildPhase;
			buildActionMask = 2147483647;
			files = (
				4AE521D12A49C78800B6A95C /* PeopleTableViewController.swift in Sources */,
				4AE521EC2A49C9B600B6A95C /* PeopleListViewModel.swift in Sources */,
				4AE521CD2A49C78800B6A95C /* AppDelegate.swift in Sources */,
				4AE521CF2A49C78800B6A95C /* SceneDelegate.swift in Sources */,
				4AE521EA2A49C99F00B6A95C /* People.swift in Sources */,
				4AE521E62A49C97100B6A95C /* DummyAPI.swift in Sources */,
				4AE521F32A49EA7800B6A95C /* PeopleTableViewCell.swift in Sources */,
			);
			runOnlyForDeploymentPostprocessing = 0;
		};
/* End PBXSourcesBuildPhase section */

/* Begin PBXVariantGroup section */
		4AE521D22A49C78800B6A95C /* Main.storyboard */ = {
			isa = PBXVariantGroup;
			children = (
				4AE521D32A49C78800B6A95C /* Base */,
			);
			name = Main.storyboard;
			sourceTree = "<group>";
		};
		4AE521D72A49C78900B6A95C /* LaunchScreen.storyboard */ = {
			isa = PBXVariantGroup;
			children = (
				4AE521D82A49C78900B6A95C /* Base */,
			);
			name = LaunchScreen.storyboard;
			sourceTree = "<group>";
		};
/* End PBXVariantGroup section */

/* Begin XCBuildConfiguration section */
		4AE521DB2A49C78900B6A95C /* Debug */ = {
			isa = XCBuildConfiguration;
			buildSettings = {
				ALWAYS_SEARCH_USER_PATHS = NO;
				CLANG_ANALYZER_NONNULL = YES;
				CLANG_ANALYZER_NUMBER_OBJECT_CONVERSION = YES_AGGRESSIVE;
				CLANG_CXX_LANGUAGE_STANDARD = "gnu++20";
				CLANG_ENABLE_MODULES = YES;
				CLANG_ENABLE_OBJC_ARC = YES;
				CLANG_ENABLE_OBJC_WEAK = YES;
				CLANG_WARN_BLOCK_CAPTURE_AUTORELEASING = YES;
				CLANG_WARN_BOOL_CONVERSION = YES;
				CLANG_WARN_COMMA = YES;
				CLANG_WARN_CONSTANT_CONVERSION = YES;
				CLANG_WARN_DEPRECATED_OBJC_IMPLEMENTATIONS = YES;
				CLANG_WARN_DIRECT_OBJC_ISA_USAGE = YES_ERROR;
				CLANG_WARN_DOCUMENTATION_COMMENTS = YES;
				CLANG_WARN_EMPTY_BODY = YES;
				CLANG_WARN_ENUM_CONVERSION = YES;
				CLANG_WARN_INFINITE_RECURSION = YES;
				CLANG_WARN_INT_CONVERSION = YES;
				CLANG_WARN_NON_LITERAL_NULL_CONVERSION = YES;
				CLANG_WARN_OBJC_IMPLICIT_RETAIN_SELF = YES;
				CLANG_WARN_OBJC_LITERAL_CONVERSION = YES;
				CLANG_WARN_OBJC_ROOT_CLASS = YES_ERROR;
				CLANG_WARN_QUOTED_INCLUDE_IN_FRAMEWORK_HEADER = YES;
				CLANG_WARN_RANGE_LOOP_ANALYSIS = YES;
				CLANG_WARN_STRICT_PROTOTYPES = YES;
				CLANG_WARN_SUSPICIOUS_MOVE = YES;
				CLANG_WARN_UNGUARDED_AVAILABILITY = YES_AGGRESSIVE;
				CLANG_WARN_UNREACHABLE_CODE = YES;
				CLANG_WARN__DUPLICATE_METHOD_MATCH = YES;
				COPY_PHASE_STRIP = NO;
				DEBUG_INFORMATION_FORMAT = dwarf;
				ENABLE_STRICT_OBJC_MSGSEND = YES;
				ENABLE_TESTABILITY = YES;
				GCC_C_LANGUAGE_STANDARD = gnu11;
				GCC_DYNAMIC_NO_PIC = NO;
				GCC_NO_COMMON_BLOCKS = YES;
				GCC_OPTIMIZATION_LEVEL = 0;
				GCC_PREPROCESSOR_DEFINITIONS = (
					"DEBUG=1",
					"$(inherited)",
				);
				GCC_WARN_64_TO_32_BIT_CONVERSION = YES;
				GCC_WARN_ABOUT_RETURN_TYPE = YES_ERROR;
				GCC_WARN_UNDECLARED_SELECTOR = YES;
				GCC_WARN_UNINITIALIZED_AUTOS = YES_AGGRESSIVE;
				GCC_WARN_UNUSED_FUNCTION = YES;
				GCC_WARN_UNUSED_VARIABLE = YES;
				IPHONEOS_DEPLOYMENT_TARGET = 16.2;
				MTL_ENABLE_DEBUG_INFO = INCLUDE_SOURCE;
				MTL_FAST_MATH = YES;
				ONLY_ACTIVE_ARCH = YES;
				SDKROOT = iphoneos;
				SWIFT_ACTIVE_COMPILATION_CONDITIONS = DEBUG;
				SWIFT_OPTIMIZATION_LEVEL = "-Onone";
			};
			name = Debug;
		};
		4AE521DC2A49C78900B6A95C /* Release */ = {
			isa = XCBuildConfiguration;
			buildSettings = {
				ALWAYS_SEARCH_USER_PATHS = NO;
				CLANG_ANALYZER_NONNULL = YES;
				CLANG_ANALYZER_NUMBER_OBJECT_CONVERSION = YES_AGGRESSIVE;
				CLANG_CXX_LANGUAGE_STANDARD = "gnu++20";
				CLANG_ENABLE_MODULES = YES;
				CLANG_ENABLE_OBJC_ARC = YES;
				CLANG_ENABLE_OBJC_WEAK = YES;
				CLANG_WARN_BLOCK_CAPTURE_AUTORELEASING = YES;
				CLANG_WARN_BOOL_CONVERSION = YES;
				CLANG_WARN_COMMA = YES;
				CLANG_WARN_CONSTANT_CONVERSION = YES;
				CLANG_WARN_DEPRECATED_OBJC_IMPLEMENTATIONS = YES;
				CLANG_WARN_DIRECT_OBJC_ISA_USAGE = YES_ERROR;
				CLANG_WARN_DOCUMENTATION_COMMENTS = YES;
				CLANG_WARN_EMPTY_BODY = YES;
				CLANG_WARN_ENUM_CONVERSION = YES;
				CLANG_WARN_INFINITE_RECURSION = YES;
				CLANG_WARN_INT_CONVERSION = YES;
				CLANG_WARN_NON_LITERAL_NULL_CONVERSION = YES;
				CLANG_WARN_OBJC_IMPLICIT_RETAIN_SELF = YES;
				CLANG_WARN_OBJC_LITERAL_CONVERSION = YES;
				CLANG_WARN_OBJC_ROOT_CLASS = YES_ERROR;
				CLANG_WARN_QUOTED_INCLUDE_IN_FRAMEWORK_HEADER = YES;
				CLANG_WARN_RANGE_LOOP_ANALYSIS = YES;
				CLANG_WARN_STRICT_PROTOTYPES = YES;
				CLANG_WARN_SUSPICIOUS_MOVE = YES;
				CLANG_WARN_UNGUARDED_AVAILABILITY = YES_AGGRESSIVE;
				CLANG_WARN_UNREACHABLE_CODE = YES;
				CLANG_WARN__DUPLICATE_METHOD_MATCH = YES;
				COPY_PHASE_STRIP = NO;
				DEBUG_INFORMATION_FORMAT = "dwarf-with-dsym";
				ENABLE_NS_ASSERTIONS = NO;
				ENABLE_STRICT_OBJC_MSGSEND = YES;
				GCC_C_LANGUAGE_STANDARD = gnu11;
				GCC_NO_COMMON_BLOCKS = YES;
				GCC_WARN_64_TO_32_BIT_CONVERSION = YES;
				GCC_WARN_ABOUT_RETURN_TYPE = YES_ERROR;
				GCC_WARN_UNDECLARED_SELECTOR = YES;
				GCC_WARN_UNINITIALIZED_AUTOS = YES_AGGRESSIVE;
				GCC_WARN_UNUSED_FUNCTION = YES;
				GCC_WARN_UNUSED_VARIABLE = YES;
				IPHONEOS_DEPLOYMENT_TARGET = 16.2;
				MTL_ENABLE_DEBUG_INFO = NO;
				MTL_FAST_MATH = YES;
				SDKROOT = iphoneos;
				SWIFT_COMPILATION_MODE = wholemodule;
				SWIFT_OPTIMIZATION_LEVEL = "-O";
				VALIDATE_PRODUCT = YES;
			};
			name = Release;
		};
		4AE521DE2A49C78900B6A95C /* Debug */ = {
			isa = XCBuildConfiguration;
			buildSettings = {
				ASSETCATALOG_COMPILER_APPICON_NAME = AppIcon;
				ASSETCATALOG_COMPILER_GLOBAL_ACCENT_COLOR_NAME = AccentColor;
				CODE_SIGN_STYLE = Automatic;
				CURRENT_PROJECT_VERSION = 1;
				GENERATE_INFOPLIST_FILE = YES;
				INFOPLIST_FILE = MVVM_Practice/Info.plist;
				INFOPLIST_KEY_UIApplicationSupportsIndirectInputEvents = YES;
				INFOPLIST_KEY_UILaunchStoryboardName = LaunchScreen;
				INFOPLIST_KEY_UIMainStoryboardFile = Main;
				INFOPLIST_KEY_UISupportedInterfaceOrientations_iPad = "UIInterfaceOrientationPortrait UIInterfaceOrientationPortraitUpsideDown UIInterfaceOrientationLandscapeLeft UIInterfaceOrientationLandscapeRight";
				INFOPLIST_KEY_UISupportedInterfaceOrientations_iPhone = "UIInterfaceOrientationPortrait UIInterfaceOrientationLandscapeLeft UIInterfaceOrientationLandscapeRight";
				LD_RUNPATH_SEARCH_PATHS = (
					"$(inherited)",
					"@executable_path/Frameworks",
				);
				MARKETING_VERSION = 1.0;
				PRODUCT_BUNDLE_IDENTIFIER = "com.heejin.MVVM-Practice";
				PRODUCT_NAME = "$(TARGET_NAME)";
				SWIFT_EMIT_LOC_STRINGS = YES;
				SWIFT_VERSION = 5.0;
				TARGETED_DEVICE_FAMILY = "1,2";
			};
			name = Debug;
		};
		4AE521DF2A49C78900B6A95C /* Release */ = {
			isa = XCBuildConfiguration;
			buildSettings = {
				ASSETCATALOG_COMPILER_APPICON_NAME = AppIcon;
				ASSETCATALOG_COMPILER_GLOBAL_ACCENT_COLOR_NAME = AccentColor;
				CODE_SIGN_STYLE = Automatic;
				CURRENT_PROJECT_VERSION = 1;
				GENERATE_INFOPLIST_FILE = YES;
				INFOPLIST_FILE = MVVM_Practice/Info.plist;
				INFOPLIST_KEY_UIApplicationSupportsIndirectInputEvents = YES;
				INFOPLIST_KEY_UILaunchStoryboardName = LaunchScreen;
				INFOPLIST_KEY_UIMainStoryboardFile = Main;
				INFOPLIST_KEY_UISupportedInterfaceOrientations_iPad = "UIInterfaceOrientationPortrait UIInterfaceOrientationPortraitUpsideDown UIInterfaceOrientationLandscapeLeft UIInterfaceOrientationLandscapeRight";
				INFOPLIST_KEY_UISupportedInterfaceOrientations_iPhone = "UIInterfaceOrientationPortrait UIInterfaceOrientationLandscapeLeft UIInterfaceOrientationLandscapeRight";
				LD_RUNPATH_SEARCH_PATHS = (
					"$(inherited)",
					"@executable_path/Frameworks",
				);
				MARKETING_VERSION = 1.0;
				PRODUCT_BUNDLE_IDENTIFIER = "com.heejin.MVVM-Practice";
				PRODUCT_NAME = "$(TARGET_NAME)";
				SWIFT_EMIT_LOC_STRINGS = YES;
				SWIFT_VERSION = 5.0;
				TARGETED_DEVICE_FAMILY = "1,2";
			};
			name = Release;
		};
/* End XCBuildConfiguration section */

/* Begin XCConfigurationList section */
		4AE521C42A49C78800B6A95C /* Build configuration list for PBXProject "MVVM_Practice" */ = {
			isa = XCConfigurationList;
			buildConfigurations = (
				4AE521DB2A49C78900B6A95C /* Debug */,
				4AE521DC2A49C78900B6A95C /* Release */,
			);
			defaultConfigurationIsVisible = 0;
			defaultConfigurationName = Release;
		};
		4AE521DD2A49C78900B6A95C /* Build configuration list for PBXNativeTarget "MVVM_Practice" */ = {
			isa = XCConfigurationList;
			buildConfigurations = (
				4AE521DE2A49C78900B6A95C /* Debug */,
				4AE521DF2A49C78900B6A95C /* Release */,
			);
			defaultConfigurationIsVisible = 0;
			defaultConfigurationName = Release;
		};
/* End XCConfigurationList section */
	};
	rootObject = 4AE521C12A49C78800B6A95C /* Project object */;
}
